Microsoft Visual Studio Solution File, Format Version 12.00
# Visual Studio Version 17
VisualStudioVersion = 17.0.31912.275
MinimumVisualStudioVersion = 10.0.40219.1
Project("{FAE04EC0-301F-11D3-BF4B-00C04F79EFBC}") = "AssuranceClinic.Api", "src\AssuranceClinic.Api\AssuranceClinic.Api.csproj", "{56222FC6-84DE-4B4B-8AE2-35B3BC767191}"
EndProject
Project("{FAE04EC0-301F-11D3-BF4B-00C04F79EFBC}") = "AssuranceClinic.Application", "src\AssuranceClinic.Application\AssuranceClinic.Application.csproj", "{394F0D4D-2E8B-42A7-A2FE-6303201A3159}"
EndProject
Project("{FAE04EC0-301F-11D3-BF4B-00C04F79EFBC}") = "AssuranceClinic.Domain", "src\AssuranceClinic.Domain\AssuranceClinic.Domain.csproj", "{4DF166D6-ED14-42C4-AFC3-BC762BDE142F}"
EndProject
Project("{FAE04EC0-301F-11D3-BF4B-00C04F79EFBC}") = "AssuranceClinic.Infrastructure", "src\AssuranceClinic.Infrastructure\AssuranceClinic.Infrastructure.csproj", "{FF0BF7C3-F45C-491C-A7AA-3B80395B62F3}"
EndProject
Global
	GlobalSection(SolutionConfigurationPlatforms) = preSolution
		Debug|Any CPU = Debug|Any CPU
		Release|Any CPU = Release|Any CPU
	EndGlobalSection
	GlobalSection(ProjectConfigurationPlatforms) = postSolution
		{56222FC6-84DE-4B4B-8AE2-35B3BC767191}.Debug|Any CPU.ActiveCfg = Debug|Any CPU
		{56222FC6-84DE-4B4B-8AE2-35B3BC767191}.Debug|Any CPU.Build.0 = Debug|Any CPU
		{56222FC6-84DE-4B4B-8AE2-35B3BC767191}.Release|Any CPU.ActiveCfg = Release|Any CPU
		{56222FC6-84DE-4B4B-8AE2-35B3BC767191}.Release|Any CPU.Build.0 = Release|Any CPU
		{394F0D4D-2E8B-42A7-A2FE-6303201A3159}.Debug|Any CPU.ActiveCfg = Debug|Any CPU
		{394F0D4D-2E8B-42A7-A2FE-6303201A3159}.Debug|Any CPU.Build.0 = Debug|Any CPU
		{394F0D4D-2E8B-42A7-A2FE-6303201A3159}.Release|Any CPU.ActiveCfg = Release|Any CPU
		{394F0D4D-2E8B-42A7-A2FE-6303201A3159}.Release|Any CPU.Build.0 = Release|Any CPU
		{4DF166D6-ED14-42C4-AFC3-BC762BDE142F}.Debug|Any CPU.ActiveCfg = Debug|Any CPU
		{4DF166D6-ED14-42C4-AFC3-BC762BDE142F}.Debug|Any CPU.Build.0 = Debug|Any CPU
		{4DF166D6-ED14-42C4-AFC3-BC762BDE142F}.Release|Any CPU.ActiveCfg = Release|Any CPU
		{4DF166D6-ED14-42C4-AFC3-BC762BDE142F}.Release|Any CPU.Build.0 = Release|Any CPU
		{FF0BF7C3-F45C-491C-A7AA-3B80395B62F3}.Debug|Any CPU.ActiveCfg = Debug|Any CPU
		{FF0BF7C3-F45C-491C-A7AA-3B80395B62F3}.Debug|Any CPU.Build.0 = Debug|Any CPU
		{FF0BF7C3-F45C-491C-A7AA-3B80395B62F3}.Release|Any CPU.ActiveCfg = Release|Any CPU
		{FF0BF7C3-F45C-491C-A7AA-3B80395B62F3}.Release|Any CPU.Build.0 = Release|Any CPU
	EndGlobalSection
	GlobalSection(SolutionProperties) = preSolution
		HideSolutionNode = FALSE
	EndGlobalSection
EndGlobal
